// !$*UTF8*$!
{
	archiveVersion = 1;
	classes = {
	};
	objectVersion = 50;
	objects = {

/* Begin PBXBuildFile section */
		A64D971B23602EF50075206A /* AppDelegate.m in Sources */ = {isa = PBXBuildFile; fileRef = A64D971A23602EF50075206A /* AppDelegate.m */; };
		A64D971E23602EF50075206A /* ViewController.m in Sources */ = {isa = PBXBuildFile; fileRef = A64D971D23602EF50075206A /* ViewController.m */; };
		A64D972123602EF50075206A /* Main.storyboard in Resources */ = {isa = PBXBuildFile; fileRef = A64D971F23602EF50075206A /* Main.storyboard */; };
		A64D972323602EF80075206A /* Assets.xcassets in Resources */ = {isa = PBXBuildFile; fileRef = A64D972223602EF80075206A /* Assets.xcassets */; };
		A64D972623602EF80075206A /* LaunchScreen.storyboard in Resources */ = {isa = PBXBuildFile; fileRef = A64D972423602EF80075206A /* LaunchScreen.storyboard */; };
		A64D972923602EF80075206A /* main.m in Sources */ = {isa = PBXBuildFile; fileRef = A64D972823602EF80075206A /* main.m */; };
		A64D973323602EF90075206A /* ZATimerTests.m in Sources */ = {isa = PBXBuildFile; fileRef = A64D973223602EF90075206A /* ZATimerTests.m */; };
		A64D973E23602EF90075206A /* ZATimerUITests.m in Sources */ = {isa = PBXBuildFile; fileRef = A64D973D23602EF90075206A /* ZATimerUITests.m */; };
		A64D97502360302F0075206A /* ZAProxy.m in Sources */ = {isa = PBXBuildFile; fileRef = A64D974F2360302F0075206A /* ZAProxy.m */; };
		A64D97532360316A0075206A /* ZATimer.m in Sources */ = {isa = PBXBuildFile; fileRef = A64D97522360316A0075206A /* ZATimer.m */; };
		A64D975A2360370A0075206A /* SecondeViewController.m in Sources */ = {isa = PBXBuildFile; fileRef = A64D97582360370A0075206A /* SecondeViewController.m */; };
		A64D975B2360370A0075206A /* SecondeViewController.xib in Resources */ = {isa = PBXBuildFile; fileRef = A64D97592360370A0075206A /* SecondeViewController.xib */; };
/* End PBXBuildFile section */

/* Begin PBXContainerItemProxy section */
		A64D972F23602EF90075206A /* PBXContainerItemProxy */ = {
			isa = PBXContainerItemProxy;
			containerPortal = A64D970E23602EF50075206A /* Project object */;
			proxyType = 1;
			remoteGlobalIDString = A64D971523602EF50075206A;
			remoteInfo = ZATimer;
		};
		A64D973A23602EF90075206A /* PBXContainerItemProxy */ = {
			isa = PBXContainerItemProxy;
			containerPortal = A64D970E23602EF50075206A /* Project object */;
			proxyType = 1;
			remoteGlobalIDString = A64D971523602EF50075206A;
			remoteInfo = ZATimer;
		};
/* End PBXContainerItemProxy section */

/* Begin PBXFileReference section */
		A64D971623602EF50075206A /* ZATimer.app */ = {isa = PBXFileReference; explicitFileType = wrapper.application; includeInIndex = 0; path = ZATimer.app; sourceTree = BUILT_PRODUCTS_DIR; };
		A64D971923602EF50075206A /* AppDelegate.h */ = {isa = PBXFileReference; lastKnownFileType = sourcecode.c.h; path = AppDelegate.h; sourceTree = "<group>"; };
		A64D971A23602EF50075206A /* AppDelegate.m */ = {isa = PBXFileReference; lastKnownFileType = sourcecode.c.objc; path = AppDelegate.m; sourceTree = "<group>"; };
		A64D971C23602EF50075206A /* ViewController.h */ = {isa = PBXFileReference; lastKnownFileType = sourcecode.c.h; path = ViewController.h; sourceTree = "<group>"; };
		A64D971D23602EF50075206A /* ViewController.m */ = {isa = PBXFileReference; lastKnownFileType = sourcecode.c.objc; path = ViewController.m; sourceTree = "<group>"; };
		A64D972023602EF50075206A /* Base */ = {isa = PBXFileReference; lastKnownFileType = file.storyboard; name = Base; path = Base.lproj/Main.storyboard; sourceTree = "<group>"; };
		A64D972223602EF80075206A /* Assets.xcassets */ = {isa = PBXFileReference; lastKnownFileType = folder.assetcatalog; path = Assets.xcassets; sourceTree = "<group>"; };
		A64D972523602EF80075206A /* Base */ = {isa = PBXFileReference; lastKnownFileType = file.storyboard; name = Base; path = Base.lproj/LaunchScreen.storyboard; sourceTree = "<group>"; };
		A64D972723602EF80075206A /* Info.plist */ = {isa = PBXFileReference; lastKnownFileType = text.plist.xml; path = Info.plist; sourceTree = "<group>"; };
		A64D972823602EF80075206A /* main.m */ = {isa = PBXFileReference; lastKnownFileType = sourcecode.c.objc; path = main.m; sourceTree = "<group>"; };
		A64D972E23602EF90075206A /* ZATimerTests.xctest */ = {isa = PBXFileReference; explicitFileType = wrapper.cfbundle; includeInIndex = 0; path = ZATimerTests.xctest; sourceTree = BUILT_PRODUCTS_DIR; };
		A64D973223602EF90075206A /* ZATimerTests.m */ = {isa = PBXFileReference; lastKnownFileType = sourcecode.c.objc; path = ZATimerTests.m; sourceTree = "<group>"; };
		A64D973423602EF90075206A /* Info.plist */ = {isa = PBXFileReference; lastKnownFileType = text.plist.xml; path = Info.plist; sourceTree = "<group>"; };
		A64D973923602EF90075206A /* ZATimerUITests.xctest */ = {isa = PBXFileReference; explicitFileType = wrapper.cfbundle; includeInIndex = 0; path = ZATimerUITests.xctest; sourceTree = BUILT_PRODUCTS_DIR; };
		A64D973D23602EF90075206A /* ZATimerUITests.m */ = {isa = PBXFileReference; lastKnownFileType = sourcecode.c.objc; path = ZATimerUITests.m; sourceTree = "<group>"; };
		A64D973F23602EF90075206A /* Info.plist */ = {isa = PBXFileReference; lastKnownFileType = text.plist.xml; path = Info.plist; sourceTree = "<group>"; };
		A64D974E2360302F0075206A /* ZAProxy.h */ = {isa = PBXFileReference; lastKnownFileType = sourcecode.c.h; path = ZAProxy.h; sourceTree = "<group>"; };
		A64D974F2360302F0075206A /* ZAProxy.m */ = {isa = PBXFileReference; lastKnownFileType = sourcecode.c.objc; path = ZAProxy.m; sourceTree = "<group>"; };
		A64D97512360316A0075206A /* ZATimer.h */ = {isa = PBXFileReference; lastKnownFileType = sourcecode.c.h; path = ZATimer.h; sourceTree = "<group>"; };
		A64D97522360316A0075206A /* ZATimer.m */ = {isa = PBXFileReference; lastKnownFileType = sourcecode.c.objc; path = ZATimer.m; sourceTree = "<group>"; };
		A64D97572360370A0075206A /* SecondeViewController.h */ = {isa = PBXFileReference; lastKnownFileType = sourcecode.c.h; path = SecondeViewController.h; sourceTree = "<group>"; };
		A64D97582360370A0075206A /* SecondeViewController.m */ = {isa = PBXFileReference; lastKnownFileType = sourcecode.c.objc; path = SecondeViewController.m; sourceTree = "<group>"; };
		A64D97592360370A0075206A /* SecondeViewController.xib */ = {isa = PBXFileReference; lastKnownFileType = file.xib; path = SecondeViewController.xib; sourceTree = "<group>"; };
/* End PBXFileReference section */

/* Begin PBXFrameworksBuildPhase section */
		A64D971323602EF50075206A /* Frameworks */ = {
			isa = PBXFrameworksBuildPhase;
			buildActionMask = 2147483647;
			files = (
			);
			runOnlyForDeploymentPostprocessing = 0;
		};
		A64D972B23602EF90075206A /* Frameworks */ = {
			isa = PBXFrameworksBuildPhase;
			buildActionMask = 2147483647;
			files = (
			);
			runOnlyForDeploymentPostprocessing = 0;
		};
		A64D973623602EF90075206A /* Frameworks */ = {
			isa = PBXFrameworksBuildPhase;
			buildActionMask = 2147483647;
			files = (
			);
			runOnlyForDeploymentPostprocessing = 0;
		};
/* End PBXFrameworksBuildPhase section */

/* Begin PBXGroup section */
		A64D970D23602EF50075206A = {
			isa = PBXGroup;
			children = (
				A64D971823602EF50075206A /* ZATimer */,
				A64D973123602EF90075206A /* ZATimerTests */,
				A64D973C23602EF90075206A /* ZATimerUITests */,
				A64D971723602EF50075206A /* Products */,
			);
			sourceTree = "<group>";
		};
		A64D971723602EF50075206A /* Products */ = {
			isa = PBXGroup;
			children = (
				A64D971623602EF50075206A /* ZATimer.app */,
				A64D972E23602EF90075206A /* ZATimerTests.xctest */,
				A64D973923602EF90075206A /* ZATimerUITests.xctest */,
			);
			name = Products;
			sourceTree = "<group>";
		};
		A64D971823602EF50075206A /* ZATimer */ = {
			isa = PBXGroup;
			children = (
				A64D971923602EF50075206A /* AppDelegate.h */,
				A64D971A23602EF50075206A /* AppDelegate.m */,
				A64D971C23602EF50075206A /* ViewController.h */,
				A64D971D23602EF50075206A /* ViewController.m */,
				A64D97572360370A0075206A /* SecondeViewController.h */,
				A64D97582360370A0075206A /* SecondeViewController.m */,
				A64D97592360370A0075206A /* SecondeViewController.xib */,
				A64D97512360316A0075206A /* ZATimer.h */,
				A64D97522360316A0075206A /* ZATimer.m */,
				A64D974E2360302F0075206A /* ZAProxy.h */,
				A64D974F2360302F0075206A /* ZAProxy.m */,
				A64D971F23602EF50075206A /* Main.storyboard */,
				A64D972223602EF80075206A /* Assets.xcassets */,
				A64D972423602EF80075206A /* LaunchScreen.storyboard */,
				A64D972723602EF80075206A /* Info.plist */,
				A64D972823602EF80075206A /* main.m */,
			);
			path = ZATimer;
			sourceTree = "<group>";
		};
		A64D973123602EF90075206A /* ZATimerTests */ = {
			isa = PBXGroup;
			children = (
				A64D973223602EF90075206A /* ZATimerTests.m */,
				A64D973423602EF90075206A /* Info.plist */,
			);
			path = ZATimerTests;
			sourceTree = "<group>";
		};
		A64D973C23602EF90075206A /* ZATimerUITests */ = {
			isa = PBXGroup;
			children = (
				A64D973D23602EF90075206A /* ZATimerUITests.m */,
				A64D973F23602EF90075206A /* Info.plist */,
			);
			path = ZATimerUITests;
			sourceTree = "<group>";
		};
/* End PBXGroup section */

/* Begin PBXNativeTarget section */
		A64D971523602EF50075206A /* ZATimer */ = {
			isa = PBXNativeTarget;
			buildConfigurationList = A64D974223602EF90075206A /* Build configuration list for PBXNativeTarget "ZATimer" */;
			buildPhases = (
				A64D971223602EF50075206A /* Sources */,
				A64D971323602EF50075206A /* Frameworks */,
				A64D971423602EF50075206A /* Resources */,
			);
			buildRules = (
			);
			dependencies = (
			);
			name = ZATimer;
			productName = ZATimer;
			productReference = A64D971623602EF50075206A /* ZATimer.app */;
			productType = "com.apple.product-type.application";
		};
		A64D972D23602EF90075206A /* ZATimerTests */ = {
			isa = PBXNativeTarget;
			buildConfigurationList = A64D974523602EF90075206A /* Build configuration list for PBXNativeTarget "ZATimerTests" */;
			buildPhases = (
				A64D972A23602EF90075206A /* Sources */,
				A64D972B23602EF90075206A /* Frameworks */,
				A64D972C23602EF90075206A /* Resources */,
			);
			buildRules = (
			);
			dependencies = (
				A64D973023602EF90075206A /* PBXTargetDependency */,
			);
			name = ZATimerTests;
			productName = ZATimerTests;
			productReference = A64D972E23602EF90075206A /* ZATimerTests.xctest */;
			productType = "com.apple.product-type.bundle.unit-test";
		};
		A64D973823602EF90075206A /* ZATimerUITests */ = {
			isa = PBXNativeTarget;
			buildConfigurationList = A64D974823602EF90075206A /* Build configuration list for PBXNativeTarget "ZATimerUITests" */;
			buildPhases = (
				A64D973523602EF90075206A /* Sources */,
				A64D973623602EF90075206A /* Frameworks */,
				A64D973723602EF90075206A /* Resources */,
			);
			buildRules = (
			);
			dependencies = (
				A64D973B23602EF90075206A /* PBXTargetDependency */,
			);
			name = ZATimerUITests;
			productName = ZATimerUITests;
			productReference = A64D973923602EF90075206A /* ZATimerUITests.xctest */;
			productType = "com.apple.product-type.bundle.ui-testing";
		};
/* End PBXNativeTarget section */

/* Begin PBXProject section */
		A64D970E23602EF50075206A /* Project object */ = {
			isa = PBXProject;
			attributes = {
				LastUpgradeCheck = 0940;
				ORGANIZATIONNAME = "张奥";
				TargetAttributes = {
					A64D971523602EF50075206A = {
						CreatedOnToolsVersion = 9.4.1;
					};
					A64D972D23602EF90075206A = {
						CreatedOnToolsVersion = 9.4.1;
						TestTargetID = A64D971523602EF50075206A;
					};
					A64D973823602EF90075206A = {
						CreatedOnToolsVersion = 9.4.1;
						TestTargetID = A64D971523602EF50075206A;
					};
				};
			};
			buildConfigurationList = A64D971123602EF50075206A /* Build configuration list for PBXProject "ZATimer" */;
			compatibilityVersion = "Xcode 9.3";
			developmentRegion = en;
			hasScannedForEncodings = 0;
			knownRegions = (
				en,
				Base,
			);
			mainGroup = A64D970D23602EF50075206A;
			productRefGroup = A64D971723602EF50075206A /* Products */;
			projectDirPath = "";
			projectRoot = "";
			targets = (
				A64D971523602EF50075206A /* ZATimer */,
				A64D972D23602EF90075206A /* ZATimerTests */,
				A64D973823602EF90075206A /* ZATimerUITests */,
			);
		};
/* End PBXProject section */

/* Begin PBXResourcesBuildPhase section */
		A64D971423602EF50075206A /* Resources */ = {
			isa = PBXResourcesBuildPhase;
			buildActionMask = 2147483647;
			files = (
				A64D972623602EF80075206A /* LaunchScreen.storyboard in Resources */,
				A64D972323602EF80075206A /* Assets.xcassets in Resources */,
				A64D975B2360370A0075206A /* SecondeViewController.xib in Resources */,
				A64D972123602EF50075206A /* Main.storyboard in Resources */,
			);
			runOnlyForDeploymentPostprocessing = 0;
		};
		A64D972C23602EF90075206A /* Resources */ = {
			isa = PBXResourcesBuildPhase;
			buildActionMask = 2147483647;
			files = (
			);
			runOnlyForDeploymentPostprocessing = 0;
		};
		A64D973723602EF90075206A /* Resources */ = {
			isa = PBXResourcesBuildPhase;
			buildActionMask = 2147483647;
			files = (
			);
			runOnlyForDeploymentPostprocessing = 0;
		};
/* End PBXResourcesBuildPhase section */

/* Begin PBXSourcesBuildPhase section */
		A64D971223602EF50075206A /* Sources */ = {
			isa = PBXSourcesBuildPhase;
			buildActionMask = 2147483647;
			files = (
				A64D975A2360370A0075206A /* SecondeViewController.m in Sources */,
				A64D97532360316A0075206A /* ZATimer.m in Sources */,
				A64D971E23602EF50075206A /* ViewController.m in Sources */,
				A64D97502360302F0075206A /* ZAProxy.m in Sources */,
				A64D972923602EF80075206A /* main.m in Sources */,
				A64D971B23602EF50075206A /* AppDelegate.m in Sources */,
			);
			runOnlyForDeploymentPostprocessing = 0;
		};
		A64D972A23602EF90075206A /* Sources */ = {
			isa = PBXSourcesBuildPhase;
			buildActionMask = 2147483647;
			files = (
				A64D973323602EF90075206A /* ZATimerTests.m in Sources */,
			);
			runOnlyForDeploymentPostprocessing = 0;
		};
		A64D973523602EF90075206A /* Sources */ = {
			isa = PBXSourcesBuildPhase;
			buildActionMask = 2147483647;
			files = (
				A64D973E23602EF90075206A /* ZATimerUITests.m in Sources */,
			);
			runOnlyForDeploymentPostprocessing = 0;
		};
/* End PBXSourcesBuildPhase section */

/* Begin PBXTargetDependency section */
		A64D973023602EF90075206A /* PBXTargetDependency */ = {
			isa = PBXTargetDependency;
			target = A64D971523602EF50075206A /* ZATimer */;
			targetProxy = A64D972F23602EF90075206A /* PBXContainerItemProxy */;
		};
		A64D973B23602EF90075206A /* PBXTargetDependency */ = {
			isa = PBXTargetDependency;
			target = A64D971523602EF50075206A /* ZATimer */;
			targetProxy = A64D973A23602EF90075206A /* PBXContainerItemProxy */;
		};
/* End PBXTargetDependency section */

/* Begin PBXVariantGroup section */
		A64D971F23602EF50075206A /* Main.storyboard */ = {
			isa = PBXVariantGroup;
			children = (
				A64D972023602EF50075206A /* Base */,
			);
			name = Main.storyboard;
			sourceTree = "<group>";
		};
		A64D972423602EF80075206A /* LaunchScreen.storyboard */ = {
			isa = PBXVariantGroup;
			children = (
				A64D972523602EF80075206A /* Base */,
			);
			name = LaunchScreen.storyboard;
			sourceTree = "<group>";
		};
/* End PBXVariantGroup section */

/* Begin XCBuildConfiguration section */
		A64D974023602EF90075206A /* Debug */ = {
			isa = XCBuildConfiguration;
			buildSettings = {
				ALWAYS_SEARCH_USER_PATHS = NO;
				CLANG_ANALYZER_NONNULL = YES;
				CLANG_ANALYZER_NUMBER_OBJECT_CONVERSION = YES_AGGRESSIVE;
				CLANG_CXX_LANGUAGE_STANDARD = "gnu++14";
				CLANG_CXX_LIBRARY = "libc++";
				CLANG_ENABLE_MODULES = YES;
				CLANG_ENABLE_OBJC_ARC = YES;
				CLANG_ENABLE_OBJC_WEAK = YES;
				CLANG_WARN_BLOCK_CAPTURE_AUTORELEASING = YES;
				CLANG_WARN_BOOL_CONVERSION = YES;
				CLANG_WARN_COMMA = YES;
				CLANG_WARN_CONSTANT_CONVERSION = YES;
				CLANG_WARN_DEPRECATED_OBJC_IMPLEMENTATIONS = YES;
				CLANG_WARN_DIRECT_OBJC_ISA_USAGE = YES_ERROR;
				CLANG_WARN_DOCUMENTATION_COMMENTS = YES;
				CLANG_WARN_EMPTY_BODY = YES;
				CLANG_WARN_ENUM_CONVERSION = YES;
				CLANG_WARN_INFINITE_RECURSION = YES;
				CLANG_WARN_INT_CONVERSION = YES;
				CLANG_WARN_NON_LITERAL_NULL_CONVERSION = YES;
				CLANG_WARN_OBJC_IMPLICIT_RETAIN_SELF = YES;
				CLANG_WARN_OBJC_LITERAL_CONVERSION = YES;
				CLANG_WARN_OBJC_ROOT_CLASS = YES_ERROR;
				CLANG_WARN_RANGE_LOOP_ANALYSIS = YES;
				CLANG_WARN_STRICT_PROTOTYPES = YES;
				CLANG_WARN_SUSPICIOUS_MOVE = YES;
				CLANG_WARN_UNGUARDED_AVAILABILITY = YES_AGGRESSIVE;
				CLANG_WARN_UNREACHABLE_CODE = YES;
				CLANG_WARN__DUPLICATE_METHOD_MATCH = YES;
				CODE_SIGN_IDENTITY = "iPhone Developer";
				COPY_PHASE_STRIP = NO;
				DEBUG_INFORMATION_FORMAT = dwarf;
				ENABLE_STRICT_OBJC_MSGSEND = YES;
				ENABLE_TESTABILITY = YES;
				GCC_C_LANGUAGE_STANDARD = gnu11;
				GCC_DYNAMIC_NO_PIC = NO;
				GCC_NO_COMMON_BLOCKS = YES;
				GCC_OPTIMIZATION_LEVEL = 0;
				GCC_PREPROCESSOR_DEFINITIONS = (
					"DEBUG=1",
					"$(inherited)",
				);
				GCC_WARN_64_TO_32_BIT_CONVERSION = YES;
				GCC_WARN_ABOUT_RETURN_TYPE = YES_ERROR;
				GCC_WARN_UNDECLARED_SELECTOR = YES;
				GCC_WARN_UNINITIALIZED_AUTOS = YES_AGGRESSIVE;
				GCC_WARN_UNUSED_FUNCTION = YES;
				GCC_WARN_UNUSED_VARIABLE = YES;
				IPHONEOS_DEPLOYMENT_TARGET = 11.4;
				MTL_ENABLE_DEBUG_INFO = YES;
				ONLY_ACTIVE_ARCH = YES;
				SDKROOT = iphoneos;
			};
			name = Debug;
		};
		A64D974123602EF90075206A /* Release */ = {
			isa = XCBuildConfiguration;
			buildSettings = {
				ALWAYS_SEARCH_USER_PATHS = NO;
				CLANG_ANALYZER_NONNULL = YES;
				CLANG_ANALYZER_NUMBER_OBJECT_CONVERSION = YES_AGGRESSIVE;
				CLANG_CXX_LANGUAGE_STANDARD = "gnu++14";
				CLANG_CXX_LIBRARY = "libc++";
				CLANG_ENABLE_MODULES = YES;
				CLANG_ENABLE_OBJC_ARC = YES;
				CLANG_ENABLE_OBJC_WEAK = YES;
				CLANG_WARN_BLOCK_CAPTURE_AUTORELEASING = YES;
				CLANG_WARN_BOOL_CONVERSION = YES;
				CLANG_WARN_COMMA = YES;
				CLANG_WARN_CONSTANT_CONVERSION = YES;
				CLANG_WARN_DEPRECATED_OBJC_IMPLEMENTATIONS = YES;
				CLANG_WARN_DIRECT_OBJC_ISA_USAGE = YES_ERROR;
				CLANG_WARN_DOCUMENTATION_COMMENTS = YES;
				CLANG_WARN_EMPTY_BODY = YES;
				CLANG_WARN_ENUM_CONVERSION = YES;
				CLANG_WARN_INFINITE_RECURSION = YES;
				CLANG_WARN_INT_CONVERSION = YES;
				CLANG_WARN_NON_LITERAL_NULL_CONVERSION = YES;
				CLANG_WARN_OBJC_IMPLICIT_RETAIN_SELF = YES;
				CLANG_WARN_OBJC_LITERAL_CONVERSION = YES;
				CLANG_WARN_OBJC_ROOT_CLASS = YES_ERROR;
				CLANG_WARN_RANGE_LOOP_ANALYSIS = YES;
				CLANG_WARN_STRICT_PROTOTYPES = YES;
				CLANG_WARN_SUSPICIOUS_MOVE = YES;
				CLANG_WARN_UNGUARDED_AVAILABILITY = YES_AGGRESSIVE;
				CLANG_WARN_UNREACHABLE_CODE = YES;
				CLANG_WARN__DUPLICATE_METHOD_MATCH = YES;
				CODE_SIGN_IDENTITY = "iPhone Developer";
				COPY_PHASE_STRIP = NO;
				DEBUG_INFORMATION_FORMAT = "dwarf-with-dsym";
				ENABLE_NS_ASSERTIONS = NO;
				ENABLE_STRICT_OBJC_MSGSEND = YES;
				GCC_C_LANGUAGE_STANDARD = gnu11;
				GCC_NO_COMMON_BLOCKS = YES;
				GCC_WARN_64_TO_32_BIT_CONVERSION = YES;
				GCC_WARN_ABOUT_RETURN_TYPE = YES_ERROR;
				GCC_WARN_UNDECLARED_SELECTOR = YES;
				GCC_WARN_UNINITIALIZED_AUTOS = YES_AGGRESSIVE;
				GCC_WARN_UNUSED_FUNCTION = YES;
				GCC_WARN_UNUSED_VARIABLE = YES;
				IPHONEOS_DEPLOYMENT_TARGET = 11.4;
				MTL_ENABLE_DEBUG_INFO = NO;
				SDKROOT = iphoneos;
				VALIDATE_PRODUCT = YES;
			};
			name = Release;
		};
		A64D974323602EF90075206A /* Debug */ = {
			isa = XCBuildConfiguration;
			buildSettings = {
				ASSETCATALOG_COMPILER_APPICON_NAME = AppIcon;
				CODE_SIGN_STYLE = Automatic;
				INFOPLIST_FILE = ZATimer/Info.plist;
				LD_RUNPATH_SEARCH_PATHS = (
					"$(inherited)",
					"@executable_path/Frameworks",
				);
				PRODUCT_BUNDLE_IDENTIFIER = com.aozhang.ZATimer;
				PRODUCT_NAME = "$(TARGET_NAME)";
				TARGETED_DEVICE_FAMILY = "1,2";
			};
			name = Debug;
		};
		A64D974423602EF90075206A /* Release */ = {
			isa = XCBuildConfiguration;
			buildSettings = {
				ASSETCATALOG_COMPILER_APPICON_NAME = AppIcon;
				CODE_SIGN_STYLE = Automatic;
				INFOPLIST_FILE = ZATimer/Info.plist;
				LD_RUNPATH_SEARCH_PATHS = (
					"$(inherited)",
					"@executable_path/Frameworks",
				);
				PRODUCT_BUNDLE_IDENTIFIER = com.aozhang.ZATimer;
				PRODUCT_NAME = "$(TARGET_NAME)";
				TARGETED_DEVICE_FAMILY = "1,2";
			};
			name = Release;
		};
		A64D974623602EF90075206A /* Debug */ = {
			isa = XCBuildConfiguration;
			buildSettings = {
				BUNDLE_LOADER = "$(TEST_HOST)";
				CODE_SIGN_STYLE = Automatic;
				INFOPLIST_FILE = ZATimerTests/Info.plist;
				LD_RUNPATH_SEARCH_PATHS = (
					"$(inherited)",
					"@executable_path/Frameworks",
					"@loader_path/Frameworks",
				);
				PRODUCT_BUNDLE_IDENTIFIER = com.aozhang.ZATimerTests;
				PRODUCT_NAME = "$(TARGET_NAME)";
				TARGETED_DEVICE_FAMILY = "1,2";
				TEST_HOST = "$(BUILT_PRODUCTS_DIR)/ZATimer.app/ZATimer";
			};
			name = Debug;
		};
		A64D974723602EF90075206A /* Release */ = {
			isa = XCBuildConfiguration;
			buildSettings = {
				BUNDLE_LOADER = "$(TEST_HOST)";
				CODE_SIGN_STYLE = Automatic;
				INFOPLIST_FILE = ZATimerTests/Info.plist;
				LD_RUNPATH_SEARCH_PATHS = (
					"$(inherited)",
					"@executable_path/Frameworks",
					"@loader_path/Frameworks",
				);
				PRODUCT_BUNDLE_IDENTIFIER = com.aozhang.ZATimerTests;
				PRODUCT_NAME = "$(TARGET_NAME)";
				TARGETED_DEVICE_FAMILY = "1,2";
				TEST_HOST = "$(BUILT_PRODUCTS_DIR)/ZATimer.app/ZATimer";
			};
			name = Release;
		};
		A64D974923602EF90075206A /* Debug */ = {
			isa = XCBuildConfiguration;
			buildSettings = {
				CODE_SIGN_STYLE = Automatic;
				INFOPLIST_FILE = ZATimerUITests/Info.plist;
				LD_RUNPATH_SEARCH_PATHS = (
					"$(inherited)",
					"@executable_path/Frameworks",
					"@loader_path/Frameworks",
				);
				PRODUCT_BUNDLE_IDENTIFIER = com.aozhang.ZATimerUITests;
				PRODUCT_NAME = "$(TARGET_NAME)";
				TARGETED_DEVICE_FAMILY = "1,2";
				TEST_TARGET_NAME = ZATimer;
			};
			name = Debug;
		};
		A64D974A23602EF90075206A /* Release */ = {
			isa = XCBuildConfiguration;
			buildSettings = {
				CODE_SIGN_STYLE = Automatic;
				INFOPLIST_FILE = ZATimerUITests/Info.plist;
				LD_RUNPATH_SEARCH_PATHS = (
					"$(inherited)",
					"@executable_path/Frameworks",
					"@loader_path/Frameworks",
				);
				PRODUCT_BUNDLE_IDENTIFIER = com.aozhang.ZATimerUITests;
				PRODUCT_NAME = "$(TARGET_NAME)";
				TARGETED_DEVICE_FAMILY = "1,2";
				TEST_TARGET_NAME = ZATimer;
			};
			name = Release;
		};
/* End XCBuildConfiguration section */

/* Begin XCConfigurationList section */
		A64D971123602EF50075206A /* Build configuration list for PBXProject "ZATimer" */ = {
			isa = XCConfigurationList;
			buildConfigurations = (
				A64D974023602EF90075206A /* Debug */,
				A64D974123602EF90075206A /* Release */,
			);
			defaultConfigurationIsVisible = 0;
			defaultConfigurationName = Release;
		};
		A64D974223602EF90075206A /* Build configuration list for PBXNativeTarget "ZATimer" */ = {
			isa = XCConfigurationList;
			buildConfigurations = (
				A64D974323602EF90075206A /* Debug */,
				A64D974423602EF90075206A /* Release */,
			);
			defaultConfigurationIsVisible = 0;
			defaultConfigurationName = Release;
		};
		A64D974523602EF90075206A /* Build configuration list for PBXNativeTarget "ZATimerTests" */ = {
			isa = XCConfigurationList;
			buildConfigurations = (
				A64D974623602EF90075206A /* Debug */,
				A64D974723602EF90075206A /* Release */,
			);
			defaultConfigurationIsVisible = 0;
			defaultConfigurationName = Release;
		};
		A64D974823602EF90075206A /* Build configuration list for PBXNativeTarget "ZATimerUITests" */ = {
			isa = XCConfigurationList;
			buildConfigurations = (
				A64D974923602EF90075206A /* Debug */,
				A64D974A23602EF90075206A /* Release */,
			);
			defaultConfigurationIsVisible = 0;
			defaultConfigurationName = Release;
		};
/* End XCConfigurationList section */
	};
	rootObject = A64D970E23602EF50075206A /* Project object */;
}
